
Microsoft Visual Studio Solution File, Format Version 12.00
# Visual Studio Version 17
VisualStudioVersion = 17.0.32112.339
MinimumVisualStudioVersion = 10.0.40219.1
Project("{FAE04EC0-301F-11D3-BF4B-00C04F79EFBC}") = "SistemaCasas", "SistemaCasas\SistemaCasas.csproj", "{8D2E7444-A8CF-4DB1-84B2-3DE348B6CBED}"
EndProject
Global
	GlobalSection(SolutionConfigurationPlatforms) = preSolution
		Debug|Any CPU = Debug|Any CPU
		Release|Any CPU = Release|Any CPU
	EndGlobalSection
	GlobalSection(ProjectConfigurationPlatforms) = postSolution
		{8D2E7444-A8CF-4DB1-84B2-3DE348B6CBED}.Debug|Any CPU.ActiveCfg = Debug|Any CPU
		{8D2E7444-A8CF-4DB1-84B2-3DE348B6CBED}.Debug|Any CPU.Build.0 = Debug|Any CPU
		{8D2E7444-A8CF-4DB1-84B2-3DE348B6CBED}.Release|Any CPU.ActiveCfg = Release|Any CPU
		{8D2E7444-A8CF-4DB1-84B2-3DE348B6CBED}.Release|Any CPU.Build.0 = Release|Any CPU
	EndGlobalSection
	GlobalSection(SolutionProperties) = preSolution
		HideSolutionNode = FALSE
	EndGlobalSection
	GlobalSection(ExtensibilityGlobals) = postSolution
		SolutionGuid = {0690C392-D342-4B14-BD13-242CD35EA345}
	EndGlobalSection
EndGlobal
